
Microsoft Visual Studio Solution File, Format Version 12.00
# Visual Studio Version 17
VisualStudioVersion = 17.14.36616.10 d17.14
MinimumVisualStudioVersion = 10.0.40219.1
Project("{FAE04EC0-301F-11D3-BF4B-00C04F79EFBC}") = "PU3_Estacionamiento", "PU3_Estacionamiento\PU3_Estacionamiento.csproj", "{58D36E7E-ED6E-44FD-AEEF-829AB2757C3B}"
EndProject
Global
	GlobalSection(SolutionConfigurationPlatforms) = preSolution
		Debug|Any CPU = Debug|Any CPU
		Release|Any CPU = Release|Any CPU
	EndGlobalSection
	GlobalSection(ProjectConfigurationPlatforms) = postSolution
		{58D36E7E-ED6E-44FD-AEEF-829AB2757C3B}.Debug|Any CPU.ActiveCfg = Debug|Any CPU
		{58D36E7E-ED6E-44FD-AEEF-829AB2757C3B}.Debug|Any CPU.Build.0 = Debug|Any CPU
		{58D36E7E-ED6E-44FD-AEEF-829AB2757C3B}.Release|Any CPU.ActiveCfg = Release|Any CPU
		{58D36E7E-ED6E-44FD-AEEF-829AB2757C3B}.Release|Any CPU.Build.0 = Release|Any CPU
	EndGlobalSection
	GlobalSection(SolutionProperties) = preSolution
		HideSolutionNode = FALSE
	EndGlobalSection
	GlobalSection(ExtensibilityGlobals) = postSolution
		SolutionGuid = {108A8744-C53D-4531-BFF8-391A0C6975C3}
	EndGlobalSection
EndGlobal
